Microsoft Visual Studio Solution File, Format Version 11.00
# Visual Studio 2008

Project("{2F76747B-3142-288B-4932-452CBA0BA888}") = "Personal Game", "Assembly-CSharp-firstpass.csproj", "{2B5813AE-FAF4-0ABA-8916-FA980378BA4D}"
EndProject
Project("{2F76747B-3142-288B-4932-452CBA0BA888}") = "Personal Game", "Assembly-CSharp.csproj", "{D3A2EA4C-17C0-8205-6E75-3860AABBE00C}"
EndProject
Project("{2F76747B-3142-288B-4932-452CBA0BA888}") = "Personal Game", "Assembly-CSharp-Editor-firstpass.csproj", "{20A05F89-F507-30AD-BA43-492B38D4F16E}"
EndProject
Project("{2F76747B-3142-288B-4932-452CBA0BA888}") = "Personal Game", "Assembly-CSharp-Editor.csproj", "{DEA1A04E-8089-EE4A-B0A1-38BF6CC74E52}"
EndProject
Global
	GlobalSection(SolutionConfigurationPlatforms) = preSolution
		Debug|Any CPU = Debug|Any CPU
		Release|Any CPU = Release|Any CPU
	EndGlobalSection
	GlobalSection(ProjectConfigurationPlatforms) = postSolution
		{2B5813AE-FAF4-0ABA-8916-FA980378BA4D}.Debug|Any CPU.ActiveCfg = Debug|Any CPU
		{2B5813AE-FAF4-0ABA-8916-FA980378BA4D}.Debug|Any CPU.Build.0 = Debug|Any CPU
		{2B5813AE-FAF4-0ABA-8916-FA980378BA4D}.Release|Any CPU.ActiveCfg = Release|Any CPU
		{2B5813AE-FAF4-0ABA-8916-FA980378BA4D}.Release|Any CPU.Build.0 = Release|Any CPU
		{D3A2EA4C-17C0-8205-6E75-3860AABBE00C}.Debug|Any CPU.ActiveCfg = Debug|Any CPU
		{D3A2EA4C-17C0-8205-6E75-3860AABBE00C}.Debug|Any CPU.Build.0 = Debug|Any CPU
		{D3A2EA4C-17C0-8205-6E75-3860AABBE00C}.Release|Any CPU.ActiveCfg = Release|Any CPU
		{D3A2EA4C-17C0-8205-6E75-3860AABBE00C}.Release|Any CPU.Build.0 = Release|Any CPU
		{20A05F89-F507-30AD-BA43-492B38D4F16E}.Debug|Any CPU.ActiveCfg = Debug|Any CPU
		{20A05F89-F507-30AD-BA43-492B38D4F16E}.Debug|Any CPU.Build.0 = Debug|Any CPU
		{20A05F89-F507-30AD-BA43-492B38D4F16E}.Release|Any CPU.ActiveCfg = Release|Any CPU
		{20A05F89-F507-30AD-BA43-492B38D4F16E}.Release|Any CPU.Build.0 = Release|Any CPU
		{DEA1A04E-8089-EE4A-B0A1-38BF6CC74E52}.Debug|Any CPU.ActiveCfg = Debug|Any CPU
		{DEA1A04E-8089-EE4A-B0A1-38BF6CC74E52}.Debug|Any CPU.Build.0 = Debug|Any CPU
		{DEA1A04E-8089-EE4A-B0A1-38BF6CC74E52}.Release|Any CPU.ActiveCfg = Release|Any CPU
		{DEA1A04E-8089-EE4A-B0A1-38BF6CC74E52}.Release|Any CPU.Build.0 = Release|Any CPU
	EndGlobalSection
	GlobalSection(SolutionProperties) = preSolution
		HideSolutionNode = FALSE
	EndGlobalSection
	GlobalSection(MonoDevelopProperties) = preSolution
		StartupItem = Assembly-CSharp.csproj
	EndGlobalSection
EndGlobal
